// !$*UTF8*$!
{
	archiveVersion = 1;
	classes = {
	};
	objectVersion = 77;
	objects = {

/* Begin PBXContainerItemProxy section */
		363893C72CB4912800662372 /* PBXContainerItemProxy */ = {
			isa = PBXContainerItemProxy;
			containerPortal = 363893AE2CB4912600662372 /* Project object */;
			proxyType = 1;
			remoteGlobalIDString = 363893B52CB4912600662372;
			remoteInfo = "PSNProfiles (app)";
		};
		363893D12CB4912800662372 /* PBXContainerItemProxy */ = {
			isa = PBXContainerItemProxy;
			containerPortal = 363893AE2CB4912600662372 /* Project object */;
			proxyType = 1;
			remoteGlobalIDString = 363893B52CB4912600662372;
			remoteInfo = "PSNProfiles (app)";
		};
/* End PBXContainerItemProxy section */

/* Begin PBXFileReference section */
		363893B62CB4912600662372 /* PSNProfiles (app).app */ = {isa = PBXFileReference; explicitFileType = wrapper.application; includeInIndex = 0; path = "PSNProfiles (app).app"; sourceTree = BUILT_PRODUCTS_DIR; };
		363893C62CB4912800662372 /* PSNProfiles (app)Tests.xctest */ = {isa = PBXFileReference; explicitFileType = wrapper.cfbundle; includeInIndex = 0; path = "PSNProfiles (app)Tests.xctest"; sourceTree = BUILT_PRODUCTS_DIR; };
		363893D02CB4912800662372 /* PSNProfiles (app)UITests.xctest */ = {isa = PBXFileReference; explicitFileType = wrapper.cfbundle; includeInIndex = 0; path = "PSNProfiles (app)UITests.xctest"; sourceTree = BUILT_PRODUCTS_DIR; };
/* End PBXFileReference section */

/* Begin PBXFileSystemSynchronizedRootGroup section */
		363893B82CB4912600662372 /* PSNProfiles (app) */ = {
			isa = PBXFileSystemSynchronizedRootGroup;
			path = "PSNProfiles (app)";
			sourceTree = "<group>";
		};
		363893C92CB4912800662372 /* PSNProfiles (app)Tests */ = {
			isa = PBXFileSystemSynchronizedRootGroup;
			path = "PSNProfiles (app)Tests";
			sourceTree = "<group>";
		};
		363893D32CB4912800662372 /* PSNProfiles (app)UITests */ = {
			isa = PBXFileSystemSynchronizedRootGroup;
			path = "PSNProfiles (app)UITests";
			sourceTree = "<group>";
		};
/* End PBXFileSystemSynchronizedRootGroup section */

/* Begin PBXFrameworksBuildPhase section */
		363893B32CB4912600662372 /* Frameworks */ = {
			isa = PBXFrameworksBuildPhase;
			buildActionMask = 2147483647;
			files = (
			);
			runOnlyForDeploymentPostprocessing = 0;
		};
		363893C32CB4912800662372 /* Frameworks */ = {
			isa = PBXFrameworksBuildPhase;
			buildActionMask = 2147483647;
			files = (
			);
			runOnlyForDeploymentPostprocessing = 0;
		};
		363893CD2CB4912800662372 /* Frameworks */ = {
			isa = PBXFrameworksBuildPhase;
			buildActionMask = 2147483647;
			files = (
			);
			runOnlyForDeploymentPostprocessing = 0;
		};
/* End PBXFrameworksBuildPhase section */

/* Begin PBXGroup section */
		363893AD2CB4912600662372 = {
			isa = PBXGroup;
			children = (
				363893B82CB4912600662372 /* PSNProfiles (app) */,
				363893C92CB4912800662372 /* PSNProfiles (app)Tests */,
				363893D32CB4912800662372 /* PSNProfiles (app)UITests */,
				363893B72CB4912600662372 /* Products */,
			);
			sourceTree = "<group>";
		};
		363893B72CB4912600662372 /* Products */ = {
			isa = PBXGroup;
			children = (
				363893B62CB4912600662372 /* PSNProfiles (app).app */,
				363893C62CB4912800662372 /* PSNProfiles (app)Tests.xctest */,
				363893D02CB4912800662372 /* PSNProfiles (app)UITests.xctest */,
			);
			name = Products;
			sourceTree = "<group>";
		};
/* End PBXGroup section */

/* Begin PBXNativeTarget section */
		363893B52CB4912600662372 /* PSNProfiles (app) */ = {
			isa = PBXNativeTarget;
			buildConfigurationList = 363893DA2CB4912800662372 /* Build configuration list for PBXNativeTarget "PSNProfiles (app)" */;
			buildPhases = (
				363893B22CB4912600662372 /* Sources */,
				363893B32CB4912600662372 /* Frameworks */,
				363893B42CB4912600662372 /* Resources */,
			);
			buildRules = (
			);
			dependencies = (
			);
			fileSystemSynchronizedGroups = (
				363893B82CB4912600662372 /* PSNProfiles (app) */,
			);
			name = "PSNProfiles (app)";
			packageProductDependencies = (
			);
			productName = "PSNProfiles (app)";
			productReference = 363893B62CB4912600662372 /* PSNProfiles (app).app */;
			productType = "com.apple.product-type.application";
		};
		363893C52CB4912800662372 /* PSNProfiles (app)Tests */ = {
			isa = PBXNativeTarget;
			buildConfigurationList = 363893DD2CB4912800662372 /* Build configuration list for PBXNativeTarget "PSNProfiles (app)Tests" */;
			buildPhases = (
				363893C22CB4912800662372 /* Sources */,
				363893C32CB4912800662372 /* Frameworks */,
				363893C42CB4912800662372 /* Resources */,
			);
			buildRules = (
			);
			dependencies = (
				363893C82CB4912800662372 /* PBXTargetDependency */,
			);
			fileSystemSynchronizedGroups = (
				363893C92CB4912800662372 /* PSNProfiles (app)Tests */,
			);
			name = "PSNProfiles (app)Tests";
			packageProductDependencies = (
			);
			productName = "PSNProfiles (app)Tests";
			productReference = 363893C62CB4912800662372 /* PSNProfiles (app)Tests.xctest */;
			productType = "com.apple.product-type.bundle.unit-test";
		};
		363893CF2CB4912800662372 /* PSNProfiles (app)UITests */ = {
			isa = PBXNativeTarget;
			buildConfigurationList = 363893E02CB4912800662372 /* Build configuration list for PBXNativeTarget "PSNProfiles (app)UITests" */;
			buildPhases = (
				363893CC2CB4912800662372 /* Sources */,
				363893CD2CB4912800662372 /* Frameworks */,
				363893CE2CB4912800662372 /* Resources */,
			);
			buildRules = (
			);
			dependencies = (
				363893D22CB4912800662372 /* PBXTargetDependency */,
			);
			fileSystemSynchronizedGroups = (
				363893D32CB4912800662372 /* PSNProfiles (app)UITests */,
			);
			name = "PSNProfiles (app)UITests";
			packageProductDependencies = (
			);
			productName = "PSNProfiles (app)UITests";
			productReference = 363893D02CB4912800662372 /* PSNProfiles (app)UITests.xctest */;
			productType = "com.apple.product-type.bundle.ui-testing";
		};
/* End PBXNativeTarget section */

/* Begin PBXProject section */
		363893AE2CB4912600662372 /* Project object */ = {
			isa = PBXProject;
			attributes = {
				BuildIndependentTargetsInParallel = 1;
				LastSwiftUpdateCheck = 1600;
				LastUpgradeCheck = 1600;
				TargetAttributes = {
					363893B52CB4912600662372 = {
						CreatedOnToolsVersion = 16.0;
					};
					363893C52CB4912800662372 = {
						CreatedOnToolsVersion = 16.0;
						TestTargetID = 363893B52CB4912600662372;
					};
					363893CF2CB4912800662372 = {
						CreatedOnToolsVersion = 16.0;
						TestTargetID = 363893B52CB4912600662372;
					};
				};
			};
			buildConfigurationList = 363893B12CB4912600662372 /* Build configuration list for PBXProject "PSNProfiles (app)" */;
			developmentRegion = en;
			hasScannedForEncodings = 0;
			knownRegions = (
				en,
				Base,
			);
			mainGroup = 363893AD2CB4912600662372;
			minimizedProjectReferenceProxies = 1;
			preferredProjectObjectVersion = 77;
			productRefGroup = 363893B72CB4912600662372 /* Products */;
			projectDirPath = "";
			projectRoot = "";
			targets = (
				363893B52CB4912600662372 /* PSNProfiles (app) */,
				363893C52CB4912800662372 /* PSNProfiles (app)Tests */,
				363893CF2CB4912800662372 /* PSNProfiles (app)UITests */,
			);
		};
/* End PBXProject section */

/* Begin PBXResourcesBuildPhase section */
		363893B42CB4912600662372 /* Resources */ = {
			isa = PBXResourcesBuildPhase;
			buildActionMask = 2147483647;
			files = (
			);
			runOnlyForDeploymentPostprocessing = 0;
		};
		363893C42CB4912800662372 /* Resources */ = {
			isa = PBXResourcesBuildPhase;
			buildActionMask = 2147483647;
			files = (
			);
			runOnlyForDeploymentPostprocessing = 0;
		};
		363893CE2CB4912800662372 /* Resources */ = {
			isa = PBXResourcesBuildPhase;
			buildActionMask = 2147483647;
			files = (
			);
			runOnlyForDeploymentPostprocessing = 0;
		};
/* End PBXResourcesBuildPhase section */

/* Begin PBXSourcesBuildPhase section */
		363893B22CB4912600662372 /* Sources */ = {
			isa = PBXSourcesBuildPhase;
			buildActionMask = 2147483647;
			files = (
			);
			runOnlyForDeploymentPostprocessing = 0;
		};
		363893C22CB4912800662372 /* Sources */ = {
			isa = PBXSourcesBuildPhase;
			buildActionMask = 2147483647;
			files = (
			);
			runOnlyForDeploymentPostprocessing = 0;
		};
		363893CC2CB4912800662372 /* Sources */ = {
			isa = PBXSourcesBuildPhase;
			buildActionMask = 2147483647;
			files = (
			);
			runOnlyForDeploymentPostprocessing = 0;
		};
/* End PBXSourcesBuildPhase section */

/* Begin PBXTargetDependency section */
		363893C82CB4912800662372 /* PBXTargetDependency */ = {
			isa = PBXTargetDependency;
			target = 363893B52CB4912600662372 /* PSNProfiles (app) */;
			targetProxy = 363893C72CB4912800662372 /* PBXContainerItemProxy */;
		};
		363893D22CB4912800662372 /* PBXTargetDependency */ = {
			isa = PBXTargetDependency;
			target = 363893B52CB4912600662372 /* PSNProfiles (app) */;
			targetProxy = 363893D12CB4912800662372 /* PBXContainerItemProxy */;
		};
/* End PBXTargetDependency section */

/* Begin XCBuildConfiguration section */
		363893D82CB4912800662372 /* Debug */ = {
			isa = XCBuildConfiguration;
			buildSettings = {
				ALWAYS_SEARCH_USER_PATHS = NO;
				ASSETCATALOG_COMPILER_GENERATE_SWIFT_ASSET_SYMBOL_EXTENSIONS = YES;
				CLANG_ANALYZER_NONNULL = YES;
				CLANG_ANALYZER_NUMBER_OBJECT_CONVERSION = YES_AGGRESSIVE;
				CLANG_CXX_LANGUAGE_STANDARD = "gnu++20";
				CLANG_ENABLE_MODULES = YES;
				CLANG_ENABLE_OBJC_ARC = YES;
				CLANG_ENABLE_OBJC_WEAK = YES;
				CLANG_WARN_BLOCK_CAPTURE_AUTORELEASING = YES;
				CLANG_WARN_BOOL_CONVERSION = YES;
				CLANG_WARN_COMMA = YES;
				CLANG_WARN_CONSTANT_CONVERSION = YES;
				CLANG_WARN_DEPRECATED_OBJC_IMPLEMENTATIONS = YES;
				CLANG_WARN_DIRECT_OBJC_ISA_USAGE = YES_ERROR;
				CLANG_WARN_DOCUMENTATION_COMMENTS = YES;
				CLANG_WARN_EMPTY_BODY = YES;
				CLANG_WARN_ENUM_CONVERSION = YES;
				CLANG_WARN_INFINITE_RECURSION = YES;
				CLANG_WARN_INT_CONVERSION = YES;
				CLANG_WARN_NON_LITERAL_NULL_CONVERSION = YES;
				CLANG_WARN_OBJC_IMPLICIT_RETAIN_SELF = YES;
				CLANG_WARN_OBJC_LITERAL_CONVERSION = YES;
				CLANG_WARN_OBJC_ROOT_CLASS = YES_ERROR;
				CLANG_WARN_QUOTED_INCLUDE_IN_FRAMEWORK_HEADER = YES;
				CLANG_WARN_RANGE_LOOP_ANALYSIS = YES;
				CLANG_WARN_STRICT_PROTOTYPES = YES;
				CLANG_WARN_SUSPICIOUS_MOVE = YES;
				CLANG_WARN_UNGUARDED_AVAILABILITY = YES_AGGRESSIVE;
				CLANG_WARN_UNREACHABLE_CODE = YES;
				CLANG_WARN__DUPLICATE_METHOD_MATCH = YES;
				COPY_PHASE_STRIP = NO;
				DEBUG_INFORMATION_FORMAT = dwarf;
				ENABLE_STRICT_OBJC_MSGSEND = YES;
				ENABLE_TESTABILITY = YES;
				ENABLE_USER_SCRIPT_SANDBOXING = YES;
				GCC_C_LANGUAGE_STANDARD = gnu17;
				GCC_DYNAMIC_NO_PIC = NO;
				GCC_NO_COMMON_BLOCKS = YES;
				GCC_OPTIMIZATION_LEVEL = 0;
				GCC_PREPROCESSOR_DEFINITIONS = (
					"DEBUG=1",
					"$(inherited)",
				);
				GCC_WARN_64_TO_32_BIT_CONVERSION = YES;
				GCC_WARN_ABOUT_RETURN_TYPE = YES_ERROR;
				GCC_WARN_UNDECLARED_SELECTOR = YES;
				GCC_WARN_UNINITIALIZED_AUTOS = YES_AGGRESSIVE;
				GCC_WARN_UNUSED_FUNCTION = YES;
				GCC_WARN_UNUSED_VARIABLE = YES;
				IPHONEOS_DEPLOYMENT_TARGET = 18.0;
				LOCALIZATION_PREFERS_STRING_CATALOGS = YES;
				MTL_ENABLE_DEBUG_INFO = INCLUDE_SOURCE;
				MTL_FAST_MATH = YES;
				ONLY_ACTIVE_ARCH = YES;
				SDKROOT = iphoneos;
				SWIFT_ACTIVE_COMPILATION_CONDITIONS = "DEBUG $(inherited)";
				SWIFT_OPTIMIZATION_LEVEL = "-Onone";
			};
			name = Debug;
		};
		363893D92CB4912800662372 /* Release */ = {
			isa = XCBuildConfiguration;
			buildSettings = {
				ALWAYS_SEARCH_USER_PATHS = NO;
				ASSETCATALOG_COMPILER_GENERATE_SWIFT_ASSET_SYMBOL_EXTENSIONS = YES;
				CLANG_ANALYZER_NONNULL = YES;
				CLANG_ANALYZER_NUMBER_OBJECT_CONVERSION = YES_AGGRESSIVE;
				CLANG_CXX_LANGUAGE_STANDARD = "gnu++20";
				CLANG_ENABLE_MODULES = YES;
				CLANG_ENABLE_OBJC_ARC = YES;
				CLANG_ENABLE_OBJC_WEAK = YES;
				CLANG_WARN_BLOCK_CAPTURE_AUTORELEASING = YES;
				CLANG_WARN_BOOL_CONVERSION = YES;
				CLANG_WARN_COMMA = YES;
				CLANG_WARN_CONSTANT_CONVERSION = YES;
				CLANG_WARN_DEPRECATED_OBJC_IMPLEMENTATIONS = YES;
				CLANG_WARN_DIRECT_OBJC_ISA_USAGE = YES_ERROR;
				CLANG_WARN_DOCUMENTATION_COMMENTS = YES;
				CLANG_WARN_EMPTY_BODY = YES;
				CLANG_WARN_ENUM_CONVERSION = YES;
				CLANG_WARN_INFINITE_RECURSION = YES;
				CLANG_WARN_INT_CONVERSION = YES;
				CLANG_WARN_NON_LITERAL_NULL_CONVERSION = YES;
				CLANG_WARN_OBJC_IMPLICIT_RETAIN_SELF = YES;
				CLANG_WARN_OBJC_LITERAL_CONVERSION = YES;
				CLANG_WARN_OBJC_ROOT_CLASS = YES_ERROR;
				CLANG_WARN_QUOTED_INCLUDE_IN_FRAMEWORK_HEADER = YES;
				CLANG_WARN_RANGE_LOOP_ANALYSIS = YES;
				CLANG_WARN_STRICT_PROTOTYPES = YES;
				CLANG_WARN_SUSPICIOUS_MOVE = YES;
				CLANG_WARN_UNGUARDED_AVAILABILITY = YES_AGGRESSIVE;
				CLANG_WARN_UNREACHABLE_CODE = YES;
				CLANG_WARN__DUPLICATE_METHOD_MATCH = YES;
				COPY_PHASE_STRIP = NO;
				DEBUG_INFORMATION_FORMAT = "dwarf-with-dsym";
				ENABLE_NS_ASSERTIONS = NO;
				ENABLE_STRICT_OBJC_MSGSEND = YES;
				ENABLE_USER_SCRIPT_SANDBOXING = YES;
				GCC_C_LANGUAGE_STANDARD = gnu17;
				GCC_NO_COMMON_BLOCKS = YES;
				GCC_WARN_64_TO_32_BIT_CONVERSION = YES;
				GCC_WARN_ABOUT_RETURN_TYPE = YES_ERROR;
				GCC_WARN_UNDECLARED_SELECTOR = YES;
				GCC_WARN_UNINITIALIZED_AUTOS = YES_AGGRESSIVE;
				GCC_WARN_UNUSED_FUNCTION = YES;
				GCC_WARN_UNUSED_VARIABLE = YES;
				IPHONEOS_DEPLOYMENT_TARGET = 18.0;
				LOCALIZATION_PREFERS_STRING_CATALOGS = YES;
				MTL_ENABLE_DEBUG_INFO = NO;
				MTL_FAST_MATH = YES;
				SDKROOT = iphoneos;
				SWIFT_COMPILATION_MODE = wholemodule;
				VALIDATE_PRODUCT = YES;
			};
			name = Release;
		};
		363893DB2CB4912800662372 /* Debug */ = {
			isa = XCBuildConfiguration;
			buildSettings = {
				ASSETCATALOG_COMPILER_APPICON_NAME = AppIcon;
				ASSETCATALOG_COMPILER_GLOBAL_ACCENT_COLOR_NAME = AccentColor;
				CODE_SIGN_STYLE = Automatic;
				CURRENT_PROJECT_VERSION = 1;
				DEVELOPMENT_ASSET_PATHS = "\"PSNProfiles (app)/Preview Content\"";
				DEVELOPMENT_TEAM = 96A9C5CW3N;
				ENABLE_PREVIEWS = YES;
				GENERATE_INFOPLIST_FILE = YES;
				INFOPLIST_FILE = "PSNProfiles--app--Info.plist";
				INFOPLIST_KEY_CFBundleDisplayName = PSNProfiles;
				INFOPLIST_KEY_LSApplicationCategoryType = "public.app-category.entertainment";
				INFOPLIST_KEY_UIApplicationSceneManifest_Generation = YES;
				INFOPLIST_KEY_UIApplicationSupportsIndirectInputEvents = YES;
				INFOPLIST_KEY_UIStatusBarHidden = YES;
				INFOPLIST_KEY_UIStatusBarStyle = "";
				INFOPLIST_KEY_UISupportedInterfaceOrientations = "UIInterfaceOrientationLandscapeLeft UIInterfaceOrientationLandscapeRight UIInterfaceOrientationPortrait";
				INFOPLIST_KEY_UISupportedInterfaceOrientations_iPad = "UIInterfaceOrientationLandscapeLeft UIInterfaceOrientationLandscapeRight UIInterfaceOrientationPortraitUpsideDown";
				LD_RUNPATH_SEARCH_PATHS = (
					"$(inherited)",
					"@executable_path/Frameworks",
				);
				MARKETING_VERSION = 0.1;
				PRODUCT_BUNDLE_IDENTIFIER = "com.aarondoe.psnapp.PSNProfiles--app-";
				PRODUCT_NAME = "$(TARGET_NAME)";
				SUPPORTED_PLATFORMS = "iphoneos iphonesimulator";
				SUPPORTS_MACCATALYST = NO;
				SUPPORTS_MAC_DESIGNED_FOR_IPHONE_IPAD = NO;
				SUPPORTS_XR_DESIGNED_FOR_IPHONE_IPAD = NO;
				SWIFT_EMIT_LOC_STRINGS = YES;
				SWIFT_VERSION = 5.0;
				TARGETED_DEVICE_FAMILY = 1;
			};
			name = Debug;
		};
		363893DC2CB4912800662372 /* Release */ = {
			isa = XCBuildConfiguration;
			buildSettings = {
				ASSETCATALOG_COMPILER_APPICON_NAME = AppIcon;
				ASSETCATALOG_COMPILER_GLOBAL_ACCENT_COLOR_NAME = AccentColor;
				CODE_SIGN_STYLE = Automatic;
				CURRENT_PROJECT_VERSION = 1;
				DEVELOPMENT_ASSET_PATHS = "\"PSNProfiles (app)/Preview Content\"";
				DEVELOPMENT_TEAM = 96A9C5CW3N;
				ENABLE_PREVIEWS = YES;
				GENERATE_INFOPLIST_FILE = YES;
				INFOPLIST_FILE = "PSNProfiles--app--Info.plist";
				INFOPLIST_KEY_CFBundleDisplayName = PSNProfiles;
				INFOPLIST_KEY_LSApplicationCategoryType = "public.app-category.entertainment";
				INFOPLIST_KEY_UIApplicationSceneManifest_Generation = YES;
				INFOPLIST_KEY_UIApplicationSupportsIndirectInputEvents = YES;
				INFOPLIST_KEY_UIStatusBarHidden = YES;
				INFOPLIST_KEY_UIStatusBarStyle = "";
				INFOPLIST_KEY_UISupportedInterfaceOrientations = "UIInterfaceOrientationLandscapeLeft UIInterfaceOrientationLandscapeRight UIInterfaceOrientationPortrait";
				INFOPLIST_KEY_UISupportedInterfaceOrientations_iPad = "UIInterfaceOrientationLandscapeLeft UIInterfaceOrientationLandscapeRight UIInterfaceOrientationPortraitUpsideDown";
				LD_RUNPATH_SEARCH_PATHS = (
					"$(inherited)",
					"@executable_path/Frameworks",
				);
				MARKETING_VERSION = 0.1;
				PRODUCT_BUNDLE_IDENTIFIER = "com.aarondoe.psnapp.PSNProfiles--app-";
				PRODUCT_NAME = "$(TARGET_NAME)";
				SUPPORTED_PLATFORMS = "iphoneos iphonesimulator";
				SUPPORTS_MACCATALYST = NO;
				SUPPORTS_MAC_DESIGNED_FOR_IPHONE_IPAD = NO;
				SUPPORTS_XR_DESIGNED_FOR_IPHONE_IPAD = NO;
				SWIFT_EMIT_LOC_STRINGS = YES;
				SWIFT_VERSION = 5.0;
				TARGETED_DEVICE_FAMILY = 1;
			};
			name = Release;
		};
		363893DE2CB4912800662372 /* Debug */ = {
			isa = XCBuildConfiguration;
			buildSettings = {
				BUNDLE_LOADER = "$(TEST_HOST)";
				CODE_SIGN_STYLE = Automatic;
				CURRENT_PROJECT_VERSION = 1;
				DEVELOPMENT_TEAM = 96A9C5CW3N;
				GENERATE_INFOPLIST_FILE = YES;
				IPHONEOS_DEPLOYMENT_TARGET = 18.0;
				MARKETING_VERSION = 1.0;
				PRODUCT_BUNDLE_IDENTIFIER = "com.aarondoe.psnapp.PSNProfiles--app-Tests";
				PRODUCT_NAME = "$(TARGET_NAME)";
				SWIFT_EMIT_LOC_STRINGS = NO;
				SWIFT_VERSION = 5.0;
				TARGETED_DEVICE_FAMILY = "1,2";
				TEST_HOST = "$(BUILT_PRODUCTS_DIR)/PSNProfiles (app).app/$(BUNDLE_EXECUTABLE_FOLDER_PATH)/PSNProfiles (app)";
			};
			name = Debug;
		};
		363893DF2CB4912800662372 /* Release */ = {
			isa = XCBuildConfiguration;
			buildSettings = {
				BUNDLE_LOADER = "$(TEST_HOST)";
				CODE_SIGN_STYLE = Automatic;
				CURRENT_PROJECT_VERSION = 1;
				DEVELOPMENT_TEAM = 96A9C5CW3N;
				GENERATE_INFOPLIST_FILE = YES;
				IPHONEOS_DEPLOYMENT_TARGET = 18.0;
				MARKETING_VERSION = 1.0;
				PRODUCT_BUNDLE_IDENTIFIER = "com.aarondoe.psnapp.PSNProfiles--app-Tests";
				PRODUCT_NAME = "$(TARGET_NAME)";
				SWIFT_EMIT_LOC_STRINGS = NO;
				SWIFT_VERSION = 5.0;
				TARGETED_DEVICE_FAMILY = "1,2";
				TEST_HOST = "$(BUILT_PRODUCTS_DIR)/PSNProfiles (app).app/$(BUNDLE_EXECUTABLE_FOLDER_PATH)/PSNProfiles (app)";
			};
			name = Release;
		};
		363893E12CB4912800662372 /* Debug */ = {
			isa = XCBuildConfiguration;
			buildSettings = {
				CODE_SIGN_STYLE = Automatic;
				CURRENT_PROJECT_VERSION = 1;
				DEVELOPMENT_TEAM = 96A9C5CW3N;
				GENERATE_INFOPLIST_FILE = YES;
				MARKETING_VERSION = 1.0;
				PRODUCT_BUNDLE_IDENTIFIER = "com.aarondoe.psnapp.PSNProfiles--app-UITests";
				PRODUCT_NAME = "$(TARGET_NAME)";
				SWIFT_EMIT_LOC_STRINGS = NO;
				SWIFT_VERSION = 5.0;
				TARGETED_DEVICE_FAMILY = "1,2";
				TEST_TARGET_NAME = "PSNProfiles (app)";
			};
			name = Debug;
		};
		363893E22CB4912800662372 /* Release */ = {
			isa = XCBuildConfiguration;
			buildSettings = {
				CODE_SIGN_STYLE = Automatic;
				CURRENT_PROJECT_VERSION = 1;
				DEVELOPMENT_TEAM = 96A9C5CW3N;
				GENERATE_INFOPLIST_FILE = YES;
				MARKETING_VERSION = 1.0;
				PRODUCT_BUNDLE_IDENTIFIER = "com.aarondoe.psnapp.PSNProfiles--app-UITests";
				PRODUCT_NAME = "$(TARGET_NAME)";
				SWIFT_EMIT_LOC_STRINGS = NO;
				SWIFT_VERSION = 5.0;
				TARGETED_DEVICE_FAMILY = "1,2";
				TEST_TARGET_NAME = "PSNProfiles (app)";
			};
			name = Release;
		};
/* End XCBuildConfiguration section */

/* Begin XCConfigurationList section */
		363893B12CB4912600662372 /* Build configuration list for PBXProject "PSNProfiles (app)" */ = {
			isa = XCConfigurationList;
			buildConfigurations = (
				363893D82CB4912800662372 /* Debug */,
				363893D92CB4912800662372 /* Release */,
			);
			defaultConfigurationIsVisible = 0;
			defaultConfigurationName = Release;
		};
		363893DA2CB4912800662372 /* Build configuration list for PBXNativeTarget "PSNProfiles (app)" */ = {
			isa = XCConfigurationList;
			buildConfigurations = (
				363893DB2CB4912800662372 /* Debug */,
				363893DC2CB4912800662372 /* Release */,
			);
			defaultConfigurationIsVisible = 0;
			defaultConfigurationName = Release;
		};
		363893DD2CB4912800662372 /* Build configuration list for PBXNativeTarget "PSNProfiles (app)Tests" */ = {
			isa = XCConfigurationList;
			buildConfigurations = (
				363893DE2CB4912800662372 /* Debug */,
				363893DF2CB4912800662372 /* Release */,
			);
			defaultConfigurationIsVisible = 0;
			defaultConfigurationName = Release;
		};
		363893E02CB4912800662372 /* Build configuration list for PBXNativeTarget "PSNProfiles (app)UITests" */ = {
			isa = XCConfigurationList;
			buildConfigurations = (
				363893E12CB4912800662372 /* Debug */,
				363893E22CB4912800662372 /* Release */,
			);
			defaultConfigurationIsVisible = 0;
			defaultConfigurationName = Release;
		};
/* End XCConfigurationList section */
	};
	rootObject = 363893AE2CB4912600662372 /* Project object */;
}
